// !$*UTF8*$!
{
	archiveVersion = 1;
	classes = {
	};
	objectVersion = 50;
	objects = {

/* Begin PBXBuildFile section */
		2A15AEB0F28BD91CE093AE83 /* Pods_PicPaper.framework in Frameworks */ = {isa = PBXBuildFile; fileRef = 2E84C0EBBE25DCF962A17E4D /* Pods_PicPaper.framework */; };
		5F87B1072128631600402A24 /* AppDelegate.swift in Sources */ = {isa = PBXBuildFile; fileRef = 5F87B1062128631600402A24 /* AppDelegate.swift */; };
		5F87B10C2128631600402A24 /* Main.storyboard in Resources */ = {isa = PBXBuildFile; fileRef = 5F87B10A2128631600402A24 /* Main.storyboard */; };
		5F87B10E2128631800402A24 /* Assets.xcassets in Resources */ = {isa = PBXBuildFile; fileRef = 5F87B10D2128631800402A24 /* Assets.xcassets */; };
		5F87B1112128631800402A24 /* LaunchScreen.storyboard in Resources */ = {isa = PBXBuildFile; fileRef = 5F87B10F2128631800402A24 /* LaunchScreen.storyboard */; };
		5F87B11C2128631800402A24 /* PicPaperTests.swift in Sources */ = {isa = PBXBuildFile; fileRef = 5F87B11B2128631800402A24 /* PicPaperTests.swift */; };
		5F87B129212868EF00402A24 /* Routes.swift in Sources */ = {isa = PBXBuildFile; fileRef = 5F87B128212868EF00402A24 /* Routes.swift */; };
		5F87B12B21286CA500402A24 /* RequestParams.swift in Sources */ = {isa = PBXBuildFile; fileRef = 5F87B12A21286CA500402A24 /* RequestParams.swift */; };
		5F87B12D2128788900402A24 /* NetworkProvider.swift in Sources */ = {isa = PBXBuildFile; fileRef = 5F87B12C2128788900402A24 /* NetworkProvider.swift */; };
		5F87B12F212880E000402A24 /* PixabayDataManager.swift in Sources */ = {isa = PBXBuildFile; fileRef = 5F87B12E212880E000402A24 /* PixabayDataManager.swift */; };
		5F87B131212880ED00402A24 /* Fetchable.swift in Sources */ = {isa = PBXBuildFile; fileRef = 5F87B130212880ED00402A24 /* Fetchable.swift */; };
		5F87B133212881AF00402A24 /* NetworkFetchable.swift in Sources */ = {isa = PBXBuildFile; fileRef = 5F87B132212881AF00402A24 /* NetworkFetchable.swift */; };
		5F87B1352128846E00402A24 /* LocalFetchable.swift in Sources */ = {isa = PBXBuildFile; fileRef = 5F87B1342128846E00402A24 /* LocalFetchable.swift */; };
		5F87B13721288A9F00402A24 /* PixabayPicture.swift in Sources */ = {isa = PBXBuildFile; fileRef = 5F87B13621288A9F00402A24 /* PixabayPicture.swift */; };
		5F87B13A2128BA1900402A24 /* PixabayContentItem.swift in Sources */ = {isa = PBXBuildFile; fileRef = 5F87B1392128BA1900402A24 /* PixabayContentItem.swift */; };
		5F87B13C2128C5E600402A24 /* WallPaperViewController.swift in Sources */ = {isa = PBXBuildFile; fileRef = 5F87B13B2128C5E600402A24 /* WallPaperViewController.swift */; };
		5F87B13E2128CB0800402A24 /* WallPaperViewModel.swift in Sources */ = {isa = PBXBuildFile; fileRef = 5F87B13D2128CB0800402A24 /* WallPaperViewModel.swift */; };
		5F87B1452128D16600402A24 /* SectionController.swift in Sources */ = {isa = PBXBuildFile; fileRef = 5F87B1442128D16600402A24 /* SectionController.swift */; };
		5F87B1472128D18600402A24 /* SectionCell.swift in Sources */ = {isa = PBXBuildFile; fileRef = 5F87B1462128D18600402A24 /* SectionCell.swift */; };
		5F87B1492128D63800402A24 /* SectionViewModel.swift in Sources */ = {isa = PBXBuildFile; fileRef = 5F87B1482128D63800402A24 /* SectionViewModel.swift */; };
		5F87B14D2131A9DB00402A24 /* BaseSectionController.swift in Sources */ = {isa = PBXBuildFile; fileRef = 5F87B14C2131A9DB00402A24 /* BaseSectionController.swift */; };
		5F87B14F2131AB7A00402A24 /* WallPaperSectionController.swift in Sources */ = {isa = PBXBuildFile; fileRef = 5F87B14E2131AB7A00402A24 /* WallPaperSectionController.swift */; };
		5F87B1512131ABAA00402A24 /* WallPaperSectionViewModel.swift in Sources */ = {isa = PBXBuildFile; fileRef = 5F87B1502131ABAA00402A24 /* WallPaperSectionViewModel.swift */; };
		5F87B1532132F0C400402A24 /* PictureSectionController.swift in Sources */ = {isa = PBXBuildFile; fileRef = 5F87B1522132F0C400402A24 /* PictureSectionController.swift */; };
		5F87B1552132F0D700402A24 /* PictureSectionViewModel.swift in Sources */ = {isa = PBXBuildFile; fileRef = 5F87B1542132F0D700402A24 /* PictureSectionViewModel.swift */; };
		5F87B1572132F0E500402A24 /* PictureCell.swift in Sources */ = {isa = PBXBuildFile; fileRef = 5F87B1562132F0E500402A24 /* PictureCell.swift */; };
		5F958BA522189AFB00CE656C /* WallRequestType.swift in Sources */ = {isa = PBXBuildFile; fileRef = 5F958BA422189AFB00CE656C /* WallRequestType.swift */; };
		5FDC6F6421EED06100EF6113 /* PictureCell.xib in Resources */ = {isa = PBXBuildFile; fileRef = 5FDC6F6321EED06100EF6113 /* PictureCell.xib */; };
		5FDC6F6721F4F9A800EF6113 /* DownloadingView.swift in Sources */ = {isa = PBXBuildFile; fileRef = 5FDC6F6621F4F9A800EF6113 /* DownloadingView.swift */; };
		5FDC6F6921F4F9B500EF6113 /* DownloadingView.xib in Resources */ = {isa = PBXBuildFile; fileRef = 5FDC6F6821F4F9B500EF6113 /* DownloadingView.xib */; };
		5FDC6F6C21F4FA2600EF6113 /* UIView+Extensions.swift in Sources */ = {isa = PBXBuildFile; fileRef = 5FDC6F6B21F4FA2600EF6113 /* UIView+Extensions.swift */; };
		8287CE9AB21D4A3DA73842A5 /* Pods_PicPaperTests.framework in Frameworks */ = {isa = PBXBuildFile; fileRef = 0F0D9621FF3F67C92B29D752 /* Pods_PicPaperTests.framework */; };
/* End PBXBuildFile section */

/* Begin PBXContainerItemProxy section */
		5F87B1182128631800402A24 /* PBXContainerItemProxy */ = {
			isa = PBXContainerItemProxy;
			containerPortal = 5F87B0FB2128631600402A24 /* Project object */;
			proxyType = 1;
			remoteGlobalIDString = 5F87B1022128631600402A24;
			remoteInfo = PicPaper;
		};
/* End PBXContainerItemProxy section */

/* Begin PBXFileReference section */
		0F0D9621FF3F67C92B29D752 /* Pods_PicPaperTests.framework */ = {isa = PBXFileReference; explicitFileType = wrapper.framework; includeInIndex = 0; path = Pods_PicPaperTests.framework; sourceTree = BUILT_PRODUCTS_DIR; };
		25062616DD917BBE644EAD0B /* Pods-PicPaper.debug.xcconfig */ = {isa = PBXFileReference; includeInIndex = 1; lastKnownFileType = text.xcconfig; name = "Pods-PicPaper.debug.xcconfig"; path = "Pods/Target Support Files/Pods-PicPaper/Pods-PicPaper.debug.xcconfig"; sourceTree = "<group>"; };
		2E84C0EBBE25DCF962A17E4D /* Pods_PicPaper.framework */ = {isa = PBXFileReference; explicitFileType = wrapper.framework; includeInIndex = 0; path = Pods_PicPaper.framework; sourceTree = BUILT_PRODUCTS_DIR; };
		5345364F1BE3B658B2544039 /* Pods-PicPaperTests.debug.xcconfig */ = {isa = PBXFileReference; includeInIndex = 1; lastKnownFileType = text.xcconfig; name = "Pods-PicPaperTests.debug.xcconfig"; path = "Pods/Target Support Files/Pods-PicPaperTests/Pods-PicPaperTests.debug.xcconfig"; sourceTree = "<group>"; };
		5F87B1032128631600402A24 /* PicPaper.app */ = {isa = PBXFileReference; explicitFileType = wrapper.application; includeInIndex = 0; path = PicPaper.app; sourceTree = BUILT_PRODUCTS_DIR; };
		5F87B1062128631600402A24 /* AppDelegate.swift */ = {isa = PBXFileReference; lastKnownFileType = sourcecode.swift; path = AppDelegate.swift; sourceTree = "<group>"; };
		5F87B10B2128631600402A24 /* Base */ = {isa = PBXFileReference; lastKnownFileType = file.storyboard; name = Base; path = Base.lproj/Main.storyboard; sourceTree = "<group>"; };
		5F87B10D2128631800402A24 /* Assets.xcassets */ = {isa = PBXFileReference; lastKnownFileType = folder.assetcatalog; path = Assets.xcassets; sourceTree = "<group>"; };
		5F87B1102128631800402A24 /* Base */ = {isa = PBXFileReference; lastKnownFileType = file.storyboard; name = Base; path = Base.lproj/LaunchScreen.storyboard; sourceTree = "<group>"; };
		5F87B1122128631800402A24 /* Info.plist */ = {isa = PBXFileReference; lastKnownFileType = text.plist.xml; path = Info.plist; sourceTree = "<group>"; };
		5F87B1172128631800402A24 /* PicPaperTests.xctest */ = {isa = PBXFileReference; explicitFileType = wrapper.cfbundle; includeInIndex = 0; path = PicPaperTests.xctest; sourceTree = BUILT_PRODUCTS_DIR; };
		5F87B11B2128631800402A24 /* PicPaperTests.swift */ = {isa = PBXFileReference; lastKnownFileType = sourcecode.swift; path = PicPaperTests.swift; sourceTree = "<group>"; };
		5F87B11D2128631800402A24 /* Info.plist */ = {isa = PBXFileReference; lastKnownFileType = text.plist.xml; path = Info.plist; sourceTree = "<group>"; };
		5F87B128212868EF00402A24 /* Routes.swift */ = {isa = PBXFileReference; lastKnownFileType = sourcecode.swift; path = Routes.swift; sourceTree = "<group>"; };
		5F87B12A21286CA500402A24 /* RequestParams.swift */ = {isa = PBXFileReference; lastKnownFileType = sourcecode.swift; path = RequestParams.swift; sourceTree = "<group>"; };
		5F87B12C2128788900402A24 /* NetworkProvider.swift */ = {isa = PBXFileReference; lastKnownFileType = sourcecode.swift; path = NetworkProvider.swift; sourceTree = "<group>"; };
		5F87B12E212880E000402A24 /* PixabayDataManager.swift */ = {isa = PBXFileReference; lastKnownFileType = sourcecode.swift; path = PixabayDataManager.swift; sourceTree = "<group>"; };
		5F87B130212880ED00402A24 /* Fetchable.swift */ = {isa = PBXFileReference; lastKnownFileType = sourcecode.swift; path = Fetchable.swift; sourceTree = "<group>"; };
		5F87B132212881AF00402A24 /* NetworkFetchable.swift */ = {isa = PBXFileReference; lastKnownFileType = sourcecode.swift; path = NetworkFetchable.swift; sourceTree = "<group>"; };
		5F87B1342128846E00402A24 /* LocalFetchable.swift */ = {isa = PBXFileReference; lastKnownFileType = sourcecode.swift; path = LocalFetchable.swift; sourceTree = "<group>"; };
		5F87B13621288A9F00402A24 /* PixabayPicture.swift */ = {isa = PBXFileReference; lastKnownFileType = sourcecode.swift; path = PixabayPicture.swift; sourceTree = "<group>"; };
		5F87B1392128BA1900402A24 /* PixabayContentItem.swift */ = {isa = PBXFileReference; lastKnownFileType = sourcecode.swift; path = PixabayContentItem.swift; sourceTree = "<group>"; };
		5F87B13B2128C5E600402A24 /* WallPaperViewController.swift */ = {isa = PBXFileReference; lastKnownFileType = sourcecode.swift; path = WallPaperViewController.swift; sourceTree = "<group>"; };
		5F87B13D2128CB0800402A24 /* WallPaperViewModel.swift */ = {isa = PBXFileReference; lastKnownFileType = sourcecode.swift; path = WallPaperViewModel.swift; sourceTree = "<group>"; };
		5F87B1442128D16600402A24 /* SectionController.swift */ = {isa = PBXFileReference; lastKnownFileType = sourcecode.swift; path = SectionController.swift; sourceTree = "<group>"; };
		5F87B1462128D18600402A24 /* SectionCell.swift */ = {isa = PBXFileReference; lastKnownFileType = sourcecode.swift; path = SectionCell.swift; sourceTree = "<group>"; };
		5F87B1482128D63800402A24 /* SectionViewModel.swift */ = {isa = PBXFileReference; lastKnownFileType = sourcecode.swift; path = SectionViewModel.swift; sourceTree = "<group>"; };
		5F87B14C2131A9DB00402A24 /* BaseSectionController.swift */ = {isa = PBXFileReference; lastKnownFileType = sourcecode.swift; path = BaseSectionController.swift; sourceTree = "<group>"; };
		5F87B14E2131AB7A00402A24 /* WallPaperSectionController.swift */ = {isa = PBXFileReference; lastKnownFileType = sourcecode.swift; path = WallPaperSectionController.swift; sourceTree = "<group>"; };
		5F87B1502131ABAA00402A24 /* WallPaperSectionViewModel.swift */ = {isa = PBXFileReference; lastKnownFileType = sourcecode.swift; path = WallPaperSectionViewModel.swift; sourceTree = "<group>"; };
		5F87B1522132F0C400402A24 /* PictureSectionController.swift */ = {isa = PBXFileReference; lastKnownFileType = sourcecode.swift; path = PictureSectionController.swift; sourceTree = "<group>"; };
		5F87B1542132F0D700402A24 /* PictureSectionViewModel.swift */ = {isa = PBXFileReference; lastKnownFileType = sourcecode.swift; path = PictureSectionViewModel.swift; sourceTree = "<group>"; };
		5F87B1562132F0E500402A24 /* PictureCell.swift */ = {isa = PBXFileReference; lastKnownFileType = sourcecode.swift; path = PictureCell.swift; sourceTree = "<group>"; };
		5F958BA422189AFB00CE656C /* WallRequestType.swift */ = {isa = PBXFileReference; lastKnownFileType = sourcecode.swift; path = WallRequestType.swift; sourceTree = "<group>"; };
		5FDC6F6321EED06100EF6113 /* PictureCell.xib */ = {isa = PBXFileReference; lastKnownFileType = file.xib; path = PictureCell.xib; sourceTree = "<group>"; };
		5FDC6F6621F4F9A800EF6113 /* DownloadingView.swift */ = {isa = PBXFileReference; lastKnownFileType = sourcecode.swift; path = DownloadingView.swift; sourceTree = "<group>"; };
		5FDC6F6821F4F9B500EF6113 /* DownloadingView.xib */ = {isa = PBXFileReference; lastKnownFileType = file.xib; path = DownloadingView.xib; sourceTree = "<group>"; };
		5FDC6F6B21F4FA2600EF6113 /* UIView+Extensions.swift */ = {isa = PBXFileReference; lastKnownFileType = sourcecode.swift; path = "UIView+Extensions.swift"; sourceTree = "<group>"; };
		9E68F77951CA12651199F75D /* Pods-PicPaperTests.release.xcconfig */ = {isa = PBXFileReference; includeInIndex = 1; lastKnownFileType = text.xcconfig; name = "Pods-PicPaperTests.release.xcconfig"; path = "Pods/Target Support Files/Pods-PicPaperTests/Pods-PicPaperTests.release.xcconfig"; sourceTree = "<group>"; };
		C0C6B08E3AB8D0A7C65C96B2 /* Pods-PicPaper.release.xcconfig */ = {isa = PBXFileReference; includeInIndex = 1; lastKnownFileType = text.xcconfig; name = "Pods-PicPaper.release.xcconfig"; path = "Pods/Target Support Files/Pods-PicPaper/Pods-PicPaper.release.xcconfig"; sourceTree = "<group>"; };
/* End PBXFileReference section */

/* Begin PBXFrameworksBuildPhase section */
		5F87B1002128631600402A24 /* Frameworks */ = {
			isa = PBXFrameworksBuildPhase;
			buildActionMask = 2147483647;
			files = (
				2A15AEB0F28BD91CE093AE83 /* Pods_PicPaper.framework in Frameworks */,
			);
			runOnlyForDeploymentPostprocessing = 0;
		};
		5F87B1142128631800402A24 /* Frameworks */ = {
			isa = PBXFrameworksBuildPhase;
			buildActionMask = 2147483647;
			files = (
				8287CE9AB21D4A3DA73842A5 /* Pods_PicPaperTests.framework in Frameworks */,
			);
			runOnlyForDeploymentPostprocessing = 0;
		};
/* End PBXFrameworksBuildPhase section */

/* Begin PBXGroup section */
		217E67EB3F2D1705888754A3 /* Pods */ = {
			isa = PBXGroup;
			children = (
				25062616DD917BBE644EAD0B /* Pods-PicPaper.debug.xcconfig */,
				C0C6B08E3AB8D0A7C65C96B2 /* Pods-PicPaper.release.xcconfig */,
				5345364F1BE3B658B2544039 /* Pods-PicPaperTests.debug.xcconfig */,
				9E68F77951CA12651199F75D /* Pods-PicPaperTests.release.xcconfig */,
			);
			name = Pods;
			sourceTree = "<group>";
		};
		5F87B0FA2128631600402A24 = {
			isa = PBXGroup;
			children = (
				5F87B1052128631600402A24 /* PicPaper */,
				5F87B11A2128631800402A24 /* PicPaperTests */,
				5F87B1042128631600402A24 /* Products */,
				217E67EB3F2D1705888754A3 /* Pods */,
				606ABA349E9187361D4A13B3 /* Frameworks */,
			);
			sourceTree = "<group>";
		};
		5F87B1042128631600402A24 /* Products */ = {
			isa = PBXGroup;
			children = (
				5F87B1032128631600402A24 /* PicPaper.app */,
				5F87B1172128631800402A24 /* PicPaperTests.xctest */,
			);
			name = Products;
			sourceTree = "<group>";
		};
		5F87B1052128631600402A24 /* PicPaper */ = {
			isa = PBXGroup;
			children = (
				5FDC6F6A21F4FA1700EF6113 /* Extensions */,
				5FDC6F6521F4F91200EF6113 /* Loading */,
				5F87B1062128631600402A24 /* AppDelegate.swift */,
				5F87B1432128D15900402A24 /* Wall */,
				5F87B13F2128CF9E00402A24 /* Listkit */,
				5F87B1272128683600402A24 /* Networking */,
				5F87B1382128B92400402A24 /* Pixabay */,
				5F87B10A2128631600402A24 /* Main.storyboard */,
				5F87B10D2128631800402A24 /* Assets.xcassets */,
				5F87B10F2128631800402A24 /* LaunchScreen.storyboard */,
				5F87B1122128631800402A24 /* Info.plist */,
			);
			path = PicPaper;
			sourceTree = "<group>";
		};
		5F87B11A2128631800402A24 /* PicPaperTests */ = {
			isa = PBXGroup;
			children = (
				5F87B11B2128631800402A24 /* PicPaperTests.swift */,
				5F87B11D2128631800402A24 /* Info.plist */,
			);
			path = PicPaperTests;
			sourceTree = "<group>";
		};
		5F87B1272128683600402A24 /* Networking */ = {
			isa = PBXGroup;
			children = (
				5F87B128212868EF00402A24 /* Routes.swift */,
				5F87B12A21286CA500402A24 /* RequestParams.swift */,
				5F87B12C2128788900402A24 /* NetworkProvider.swift */,
				5F87B130212880ED00402A24 /* Fetchable.swift */,
				5F87B132212881AF00402A24 /* NetworkFetchable.swift */,
				5F87B1342128846E00402A24 /* LocalFetchable.swift */,
			);
			path = Networking;
			sourceTree = "<group>";
		};
		5F87B1382128B92400402A24 /* Pixabay */ = {
			isa = PBXGroup;
			children = (
				5F87B12E212880E000402A24 /* PixabayDataManager.swift */,
				5F87B1392128BA1900402A24 /* PixabayContentItem.swift */,
				5F87B13621288A9F00402A24 /* PixabayPicture.swift */,
			);
			path = Pixabay;
			sourceTree = "<group>";
		};
		5F87B13F2128CF9E00402A24 /* Listkit */ = {
			isa = PBXGroup;
			children = (
				5F87B1422128CFC700402A24 /* Cells */,
				5F87B1412128CFBE00402A24 /* SectionControllers */,
				5F87B1402128CFAC00402A24 /* SectionViewModel */,
			);
			path = Listkit;
			sourceTree = "<group>";
		};
		5F87B1402128CFAC00402A24 /* SectionViewModel */ = {
			isa = PBXGroup;
			children = (
				5F87B1482128D63800402A24 /* SectionViewModel.swift */,
			);
			path = SectionViewModel;
			sourceTree = "<group>";
		};
		5F87B1412128CFBE00402A24 /* SectionControllers */ = {
			isa = PBXGroup;
			children = (
				5F87B1442128D16600402A24 /* SectionController.swift */,
				5F87B14C2131A9DB00402A24 /* BaseSectionController.swift */,
			);
			path = SectionControllers;
			sourceTree = "<group>";
		};
		5F87B1422128CFC700402A24 /* Cells */ = {
			isa = PBXGroup;
			children = (
				5F87B1462128D18600402A24 /* SectionCell.swift */,
			);
			path = Cells;
			sourceTree = "<group>";
		};
		5F87B1432128D15900402A24 /* Wall */ = {
			isa = PBXGroup;
			children = (
				5F87B13B2128C5E600402A24 /* WallPaperViewController.swift */,
				5F87B13D2128CB0800402A24 /* WallPaperViewModel.swift */,
				5F87B14E2131AB7A00402A24 /* WallPaperSectionController.swift */,
				5F87B1502131ABAA00402A24 /* WallPaperSectionViewModel.swift */,
				5F87B1582132F0EE00402A24 /* Pictures */,
				5F958BA422189AFB00CE656C /* WallRequestType.swift */,
			);
			path = Wall;
			sourceTree = "<group>";
		};
		5F87B1582132F0EE00402A24 /* Pictures */ = {
			isa = PBXGroup;
			children = (
				5F87B1522132F0C400402A24 /* PictureSectionController.swift */,
				5F87B1542132F0D700402A24 /* PictureSectionViewModel.swift */,
				5F87B1562132F0E500402A24 /* PictureCell.swift */,
				5FDC6F6321EED06100EF6113 /* PictureCell.xib */,
			);
			path = Pictures;
			sourceTree = "<group>";
		};
		5FDC6F6521F4F91200EF6113 /* Loading */ = {
			isa = PBXGroup;
			children = (
				5FDC6F6621F4F9A800EF6113 /* DownloadingView.swift */,
				5FDC6F6821F4F9B500EF6113 /* DownloadingView.xib */,
			);
			path = Loading;
			sourceTree = "<group>";
		};
		5FDC6F6A21F4FA1700EF6113 /* Extensions */ = {
			isa = PBXGroup;
			children = (
				5FDC6F6B21F4FA2600EF6113 /* UIView+Extensions.swift */,
			);
			path = Extensions;
			sourceTree = "<group>";
		};
		606ABA349E9187361D4A13B3 /* Frameworks */ = {
			isa = PBXGroup;
			children = (
				2E84C0EBBE25DCF962A17E4D /* Pods_PicPaper.framework */,
				0F0D9621FF3F67C92B29D752 /* Pods_PicPaperTests.framework */,
			);
			name = Frameworks;
			sourceTree = "<group>";
		};
/* End PBXGroup section */

/* Begin PBXNativeTarget section */
		5F87B1022128631600402A24 /* PicPaper */ = {
			isa = PBXNativeTarget;
			buildConfigurationList = 5F87B1202128631800402A24 /* Build configuration list for PBXNativeTarget "PicPaper" */;
			buildPhases = (
				A77FCF84450BB4735E542F7D /* [CP] Check Pods Manifest.lock */,
				5F87B0FF2128631600402A24 /* Sources */,
				5F87B1002128631600402A24 /* Frameworks */,
				5F87B1012128631600402A24 /* Resources */,
				342F3B33716D247A42143BED /* [CP] Embed Pods Frameworks */,
				5F87B126212864D100402A24 /* Swiftlint */,
			);
			buildRules = (
			);
			dependencies = (
			);
			name = PicPaper;
			productName = PicPaper;
			productReference = 5F87B1032128631600402A24 /* PicPaper.app */;
			productType = "com.apple.product-type.application";
		};
		5F87B1162128631800402A24 /* PicPaperTests */ = {
			isa = PBXNativeTarget;
			buildConfigurationList = 5F87B1232128631800402A24 /* Build configuration list for PBXNativeTarget "PicPaperTests" */;
			buildPhases = (
				4DC5517481915DAD5DA2480F /* [CP] Check Pods Manifest.lock */,
				5F87B1132128631800402A24 /* Sources */,
				5F87B1142128631800402A24 /* Frameworks */,
				5F87B1152128631800402A24 /* Resources */,
			);
			buildRules = (
			);
			dependencies = (
				5F87B1192128631800402A24 /* PBXTargetDependency */,
			);
			name = PicPaperTests;
			productName = PicPaperTests;
			productReference = 5F87B1172128631800402A24 /* PicPaperTests.xctest */;
			productType = "com.apple.product-type.bundle.unit-test";
		};
/* End PBXNativeTarget section */

/* Begin PBXProject section */
		5F87B0FB2128631600402A24 /* Project object */ = {
			isa = PBXProject;
			attributes = {
				LastSwiftUpdateCheck = 0940;
				LastUpgradeCheck = 0940;
				ORGANIZATIONNAME = DevByArlindo;
				TargetAttributes = {
					5F87B1022128631600402A24 = {
						CreatedOnToolsVersion = 9.4.1;
					};
					5F87B1162128631800402A24 = {
						CreatedOnToolsVersion = 9.4.1;
						TestTargetID = 5F87B1022128631600402A24;
					};
				};
			};
			buildConfigurationList = 5F87B0FE2128631600402A24 /* Build configuration list for PBXProject "PicPaper" */;
			compatibilityVersion = "Xcode 9.3";
			developmentRegion = en;
			hasScannedForEncodings = 0;
			knownRegions = (
				en,
				Base,
			);
			mainGroup = 5F87B0FA2128631600402A24;
			productRefGroup = 5F87B1042128631600402A24 /* Products */;
			projectDirPath = "";
			projectRoot = "";
			targets = (
				5F87B1022128631600402A24 /* PicPaper */,
				5F87B1162128631800402A24 /* PicPaperTests */,
			);
		};
/* End PBXProject section */

/* Begin PBXResourcesBuildPhase section */
		5F87B1012128631600402A24 /* Resources */ = {
			isa = PBXResourcesBuildPhase;
			buildActionMask = 2147483647;
			files = (
				5FDC6F6421EED06100EF6113 /* PictureCell.xib in Resources */,
				5F87B1112128631800402A24 /* LaunchScreen.storyboard in Resources */,
				5F87B10E2128631800402A24 /* Assets.xcassets in Resources */,
				5F87B10C2128631600402A24 /* Main.storyboard in Resources */,
				5FDC6F6921F4F9B500EF6113 /* DownloadingView.xib in Resources */,
			);
			runOnlyForDeploymentPostprocessing = 0;
		};
		5F87B1152128631800402A24 /* Resources */ = {
			isa = PBXResourcesBuildPhase;
			buildActionMask = 2147483647;
			files = (
			);
			runOnlyForDeploymentPostprocessing = 0;
		};
/* End PBXResourcesBuildPhase section */

/* Begin PBXShellScriptBuildPhase section */
		342F3B33716D247A42143BED /* [CP] Embed Pods Frameworks */ = {
			isa = PBXShellScriptBuildPhase;
			buildActionMask = 2147483647;
			files = (
			);
			inputPaths = (
				"${SRCROOT}/Pods/Target Support Files/Pods-PicPaper/Pods-PicPaper-frameworks.sh",
				"${BUILT_PRODUCTS_DIR}/Alamofire/Alamofire.framework",
				"${BUILT_PRODUCTS_DIR}/IGListKit/IGListKit.framework",
				"${BUILT_PRODUCTS_DIR}/PromiseKit/PromiseKit.framework",
				"${BUILT_PRODUCTS_DIR}/RxCocoa/RxCocoa.framework",
				"${BUILT_PRODUCTS_DIR}/RxSwift/RxSwift.framework",
				"${BUILT_PRODUCTS_DIR}/SDWebImage/SDWebImage.framework",
				"${BUILT_PRODUCTS_DIR}/SVPullToRefresh/SVPullToRefresh.framework",
			);
			name = "[CP] Embed Pods Frameworks";
			outputPaths = (
				"${TARGET_BUILD_DIR}/${FRAMEWORKS_FOLDER_PATH}/Alamofire.framework",
				"${TARGET_BUILD_DIR}/${FRAMEWORKS_FOLDER_PATH}/IGListKit.framework",
				"${TARGET_BUILD_DIR}/${FRAMEWORKS_FOLDER_PATH}/PromiseKit.framework",
				"${TARGET_BUILD_DIR}/${FRAMEWORKS_FOLDER_PATH}/RxCocoa.framework",
				"${TARGET_BUILD_DIR}/${FRAMEWORKS_FOLDER_PATH}/RxSwift.framework",
				"${TARGET_BUILD_DIR}/${FRAMEWORKS_FOLDER_PATH}/SDWebImage.framework",
				"${TARGET_BUILD_DIR}/${FRAMEWORKS_FOLDER_PATH}/SVPullToRefresh.framework",
			);
			runOnlyForDeploymentPostprocessing = 0;
			shellPath = /bin/sh;
			shellScript = "\"${SRCROOT}/Pods/Target Support Files/Pods-PicPaper/Pods-PicPaper-frameworks.sh\"\n";
			showEnvVarsInLog = 0;
		};
		4DC5517481915DAD5DA2480F /* [CP] Check Pods Manifest.lock */ = {
			isa = PBXShellScriptBuildPhase;
			buildActionMask = 2147483647;
			files = (
			);
			inputPaths = (
				"${PODS_PODFILE_DIR_PATH}/Podfile.lock",
				"${PODS_ROOT}/Manifest.lock",
			);
			name = "[CP] Check Pods Manifest.lock";
			outputPaths = (
				"$(DERIVED_FILE_DIR)/Pods-PicPaperTests-checkManifestLockResult.txt",
			);
			runOnlyForDeploymentPostprocessing = 0;
			shellPath = /bin/sh;
			shellScript = "diff \"${PODS_PODFILE_DIR_PATH}/Podfile.lock\" \"${PODS_ROOT}/Manifest.lock\" > /dev/null\nif [ $? != 0 ] ; then\n    # print error to STDERR\n    echo \"error: The sandbox is not in sync with the Podfile.lock. Run 'pod install' or update your CocoaPods installation.\" >&2\n    exit 1\nfi\n# This output is used by Xcode 'outputs' to avoid re-running this script phase.\necho \"SUCCESS\" > \"${SCRIPT_OUTPUT_FILE_0}\"\n";
			showEnvVarsInLog = 0;
		};
		5F87B126212864D100402A24 /* Swiftlint */ = {
			isa = PBXShellScriptBuildPhase;
			buildActionMask = 2147483647;
			files = (
			);
			inputPaths = (
			);
			name = Swiftlint;
			outputPaths = (
			);
			runOnlyForDeploymentPostprocessing = 0;
			shellPath = /bin/sh;
			shellScript = "if which swiftlint >/dev/null; then\nswiftlint\nelse\necho \"warning: SwiftLint not installed, download from https://github.com/realm/SwiftLint\"\nfi";
		};
		A77FCF84450BB4735E542F7D /* [CP] Check Pods Manifest.lock */ = {
			isa = PBXShellScriptBuildPhase;
			buildActionMask = 2147483647;
			files = (
			);
			inputPaths = (
				"${PODS_PODFILE_DIR_PATH}/Podfile.lock",
				"${PODS_ROOT}/Manifest.lock",
			);
			name = "[CP] Check Pods Manifest.lock";
			outputPaths = (
				"$(DERIVED_FILE_DIR)/Pods-PicPaper-checkManifestLockResult.txt",
			);
			runOnlyForDeploymentPostprocessing = 0;
			shellPath = /bin/sh;
			shellScript = "diff \"${PODS_PODFILE_DIR_PATH}/Podfile.lock\" \"${PODS_ROOT}/Manifest.lock\" > /dev/null\nif [ $? != 0 ] ; then\n    # print error to STDERR\n    echo \"error: The sandbox is not in sync with the Podfile.lock. Run 'pod install' or update your CocoaPods installation.\" >&2\n    exit 1\nfi\n# This output is used by Xcode 'outputs' to avoid re-running this script phase.\necho \"SUCCESS\" > \"${SCRIPT_OUTPUT_FILE_0}\"\n";
			showEnvVarsInLog = 0;
		};
/* End PBXShellScriptBuildPhase section */

/* Begin PBXSourcesBuildPhase section */
		5F87B0FF2128631600402A24 /* Sources */ = {
			isa = PBXSourcesBuildPhase;
			buildActionMask = 2147483647;
			files = (
				5F87B14D2131A9DB00402A24 /* BaseSectionController.swift in Sources */,
				5F87B133212881AF00402A24 /* NetworkFetchable.swift in Sources */,
				5F87B14F2131AB7A00402A24 /* WallPaperSectionController.swift in Sources */,
				5F958BA522189AFB00CE656C /* WallRequestType.swift in Sources */,
				5F87B1512131ABAA00402A24 /* WallPaperSectionViewModel.swift in Sources */,
				5F87B1492128D63800402A24 /* SectionViewModel.swift in Sources */,
				5FDC6F6721F4F9A800EF6113 /* DownloadingView.swift in Sources */,
				5F87B1572132F0E500402A24 /* PictureCell.swift in Sources */,
				5F87B13A2128BA1900402A24 /* PixabayContentItem.swift in Sources */,
				5F87B1472128D18600402A24 /* SectionCell.swift in Sources */,
				5F87B129212868EF00402A24 /* Routes.swift in Sources */,
				5F87B1352128846E00402A24 /* LocalFetchable.swift in Sources */,
				5F87B1552132F0D700402A24 /* PictureSectionViewModel.swift in Sources */,
				5F87B13E2128CB0800402A24 /* WallPaperViewModel.swift in Sources */,
				5FDC6F6C21F4FA2600EF6113 /* UIView+Extensions.swift in Sources */,
				5F87B12D2128788900402A24 /* NetworkProvider.swift in Sources */,
				5F87B1452128D16600402A24 /* SectionController.swift in Sources */,
				5F87B13721288A9F00402A24 /* PixabayPicture.swift in Sources */,
				5F87B1072128631600402A24 /* AppDelegate.swift in Sources */,
				5F87B12B21286CA500402A24 /* RequestParams.swift in Sources */,
				5F87B12F212880E000402A24 /* PixabayDataManager.swift in Sources */,
				5F87B131212880ED00402A24 /* Fetchable.swift in Sources */,
				5F87B13C2128C5E600402A24 /* WallPaperViewController.swift in Sources */,
				5F87B1532132F0C400402A24 /* PictureSectionController.swift in Sources */,
			);
			runOnlyForDeploymentPostprocessing = 0;
		};
		5F87B1132128631800402A24 /* Sources */ = {
			isa = PBXSourcesBuildPhase;
			buildActionMask = 2147483647;
			files = (
				5F87B11C2128631800402A24 /* PicPaperTests.swift in Sources */,
			);
			runOnlyForDeploymentPostprocessing = 0;
		};
/* End PBXSourcesBuildPhase section */

/* Begin PBXTargetDependency section */
		5F87B1192128631800402A24 /* PBXTargetDependency */ = {
			isa = PBXTargetDependency;
			target = 5F87B1022128631600402A24 /* PicPaper */;
			targetProxy = 5F87B1182128631800402A24 /* PBXContainerItemProxy */;
		};
/* End PBXTargetDependency section */

/* Begin PBXVariantGroup section */
		5F87B10A2128631600402A24 /* Main.storyboard */ = {
			isa = PBXVariantGroup;
			children = (
				5F87B10B2128631600402A24 /* Base */,
			);
			name = Main.storyboard;
			sourceTree = "<group>";
		};
		5F87B10F2128631800402A24 /* LaunchScreen.storyboard */ = {
			isa = PBXVariantGroup;
			children = (
				5F87B1102128631800402A24 /* Base */,
			);
			name = LaunchScreen.storyboard;
			sourceTree = "<group>";
		};
/* End PBXVariantGroup section */

/* Begin XCBuildConfiguration section */
		5F87B11E2128631800402A24 /* Debug */ = {
			isa = XCBuildConfiguration;
			buildSettings = {
				ALWAYS_SEARCH_USER_PATHS = NO;
				CLANG_ANALYZER_NONNULL = YES;
				CLANG_ANALYZER_NUMBER_OBJECT_CONVERSION = YES_AGGRESSIVE;
				CLANG_CXX_LANGUAGE_STANDARD = "gnu++14";
				CLANG_CXX_LIBRARY = "libc++";
				CLANG_ENABLE_MODULES = YES;
				CLANG_ENABLE_OBJC_ARC = YES;
				CLANG_ENABLE_OBJC_WEAK = YES;
				CLANG_WARN_BLOCK_CAPTURE_AUTORELEASING = YES;
				CLANG_WARN_BOOL_CONVERSION = YES;
				CLANG_WARN_COMMA = YES;
				CLANG_WARN_CONSTANT_CONVERSION = YES;
				CLANG_WARN_DEPRECATED_OBJC_IMPLEMENTATIONS = YES;
				CLANG_WARN_DIRECT_OBJC_ISA_USAGE = YES_ERROR;
				CLANG_WARN_DOCUMENTATION_COMMENTS = YES;
				CLANG_WARN_EMPTY_BODY = YES;
				CLANG_WARN_ENUM_CONVERSION = YES;
				CLANG_WARN_INFINITE_RECURSION = YES;
				CLANG_WARN_INT_CONVERSION = YES;
				CLANG_WARN_NON_LITERAL_NULL_CONVERSION = YES;
				CLANG_WARN_OBJC_IMPLICIT_RETAIN_SELF = YES;
				CLANG_WARN_OBJC_LITERAL_CONVERSION = YES;
				CLANG_WARN_OBJC_ROOT_CLASS = YES_ERROR;
				CLANG_WARN_RANGE_LOOP_ANALYSIS = YES;
				CLANG_WARN_STRICT_PROTOTYPES = YES;
				CLANG_WARN_SUSPICIOUS_MOVE = YES;
				CLANG_WARN_UNGUARDED_AVAILABILITY = YES_AGGRESSIVE;
				CLANG_WARN_UNREACHABLE_CODE = YES;
				CLANG_WARN__DUPLICATE_METHOD_MATCH = YES;
				CODE_SIGN_IDENTITY = "iPhone Developer";
				COPY_PHASE_STRIP = NO;
				DEBUG_INFORMATION_FORMAT = dwarf;
				ENABLE_STRICT_OBJC_MSGSEND = YES;
				ENABLE_TESTABILITY = YES;
				GCC_C_LANGUAGE_STANDARD = gnu11;
				GCC_DYNAMIC_NO_PIC = NO;
				GCC_NO_COMMON_BLOCKS = YES;
				GCC_OPTIMIZATION_LEVEL = 0;
				GCC_PREPROCESSOR_DEFINITIONS = (
					"DEBUG=1",
					"$(inherited)",
				);
				GCC_WARN_64_TO_32_BIT_CONVERSION = YES;
				GCC_WARN_ABOUT_RETURN_TYPE = YES_ERROR;
				GCC_WARN_UNDECLARED_SELECTOR = YES;
				GCC_WARN_UNINITIALIZED_AUTOS = YES_AGGRESSIVE;
				GCC_WARN_UNUSED_FUNCTION = YES;
				GCC_WARN_UNUSED_VARIABLE = YES;
				IPHONEOS_DEPLOYMENT_TARGET = 11.4;
				MTL_ENABLE_DEBUG_INFO = YES;
				ONLY_ACTIVE_ARCH = YES;
				SDKROOT = iphoneos;
				SWIFT_ACTIVE_COMPILATION_CONDITIONS = DEBUG;
				SWIFT_OPTIMIZATION_LEVEL = "-Onone";
			};
			name = Debug;
		};
		5F87B11F2128631800402A24 /* Release */ = {
			isa = XCBuildConfiguration;
			buildSettings = {
				ALWAYS_SEARCH_USER_PATHS = NO;
				CLANG_ANALYZER_NONNULL = YES;
				CLANG_ANALYZER_NUMBER_OBJECT_CONVERSION = YES_AGGRESSIVE;
				CLANG_CXX_LANGUAGE_STANDARD = "gnu++14";
				CLANG_CXX_LIBRARY = "libc++";
				CLANG_ENABLE_MODULES = YES;
				CLANG_ENABLE_OBJC_ARC = YES;
				CLANG_ENABLE_OBJC_WEAK = YES;
				CLANG_WARN_BLOCK_CAPTURE_AUTORELEASING = YES;
				CLANG_WARN_BOOL_CONVERSION = YES;
				CLANG_WARN_COMMA = YES;
				CLANG_WARN_CONSTANT_CONVERSION = YES;
				CLANG_WARN_DEPRECATED_OBJC_IMPLEMENTATIONS = YES;
				CLANG_WARN_DIRECT_OBJC_ISA_USAGE = YES_ERROR;
				CLANG_WARN_DOCUMENTATION_COMMENTS = YES;
				CLANG_WARN_EMPTY_BODY = YES;
				CLANG_WARN_ENUM_CONVERSION = YES;
				CLANG_WARN_INFINITE_RECURSION = YES;
				CLANG_WARN_INT_CONVERSION = YES;
				CLANG_WARN_NON_LITERAL_NULL_CONVERSION = YES;
				CLANG_WARN_OBJC_IMPLICIT_RETAIN_SELF = YES;
				CLANG_WARN_OBJC_LITERAL_CONVERSION = YES;
				CLANG_WARN_OBJC_ROOT_CLASS = YES_ERROR;
				CLANG_WARN_RANGE_LOOP_ANALYSIS = YES;
				CLANG_WARN_STRICT_PROTOTYPES = YES;
				CLANG_WARN_SUSPICIOUS_MOVE = YES;
				CLANG_WARN_UNGUARDED_AVAILABILITY = YES_AGGRESSIVE;
				CLANG_WARN_UNREACHABLE_CODE = YES;
				CLANG_WARN__DUPLICATE_METHOD_MATCH = YES;
				CODE_SIGN_IDENTITY = "iPhone Developer";
				COPY_PHASE_STRIP = NO;
				DEBUG_INFORMATION_FORMAT = "dwarf-with-dsym";
				ENABLE_NS_ASSERTIONS = NO;
				ENABLE_STRICT_OBJC_MSGSEND = YES;
				GCC_C_LANGUAGE_STANDARD = gnu11;
				GCC_NO_COMMON_BLOCKS = YES;
				GCC_WARN_64_TO_32_BIT_CONVERSION = YES;
				GCC_WARN_ABOUT_RETURN_TYPE = YES_ERROR;
				GCC_WARN_UNDECLARED_SELECTOR = YES;
				GCC_WARN_UNINITIALIZED_AUTOS = YES_AGGRESSIVE;
				GCC_WARN_UNUSED_FUNCTION = YES;
				GCC_WARN_UNUSED_VARIABLE = YES;
				IPHONEOS_DEPLOYMENT_TARGET = 11.4;
				MTL_ENABLE_DEBUG_INFO = NO;
				SDKROOT = iphoneos;
				SWIFT_COMPILATION_MODE = wholemodule;
				SWIFT_OPTIMIZATION_LEVEL = "-O";
				VALIDATE_PRODUCT = YES;
			};
			name = Release;
		};
		5F87B1212128631800402A24 /* Debug */ = {
			isa = XCBuildConfiguration;
			baseConfigurationReference = 25062616DD917BBE644EAD0B /* Pods-PicPaper.debug.xcconfig */;
			buildSettings = {
				ASSETCATALOG_COMPILER_APPICON_NAME = AppIcon;
				CODE_SIGN_IDENTITY = "iPhone Developer";
				CODE_SIGN_STYLE = Automatic;
				DEVELOPMENT_TEAM = AD3HGXXCSG;
				INFOPLIST_FILE = PicPaper/Info.plist;
				IPHONEOS_DEPLOYMENT_TARGET = 10.0;
				LD_RUNPATH_SEARCH_PATHS = (
					"$(inherited)",
					"@executable_path/Frameworks",
				);
				PRODUCT_BUNDLE_IDENTIFIER = com.DevByArlindo.PicPaper;
				PRODUCT_NAME = "$(TARGET_NAME)";
				PROVISIONING_PROFILE_SPECIFIER = "";
				SWIFT_VERSION = 4.0;
				TARGETED_DEVICE_FAMILY = 1;
			};
			name = Debug;
		};
		5F87B1222128631800402A24 /* Release */ = {
			isa = XCBuildConfiguration;
			baseConfigurationReference = C0C6B08E3AB8D0A7C65C96B2 /* Pods-PicPaper.release.xcconfig */;
			buildSettings = {
				ASSETCATALOG_COMPILER_APPICON_NAME = AppIcon;
				CODE_SIGN_IDENTITY = "iPhone Developer";
				CODE_SIGN_STYLE = Automatic;
				DEVELOPMENT_TEAM = AD3HGXXCSG;
				INFOPLIST_FILE = PicPaper/Info.plist;
				IPHONEOS_DEPLOYMENT_TARGET = 10.0;
				LD_RUNPATH_SEARCH_PATHS = (
					"$(inherited)",
					"@executable_path/Frameworks",
				);
				PRODUCT_BUNDLE_IDENTIFIER = com.DevByArlindo.PicPaper;
				PRODUCT_NAME = "$(TARGET_NAME)";
				PROVISIONING_PROFILE_SPECIFIER = "";
				SWIFT_VERSION = 4.0;
				TARGETED_DEVICE_FAMILY = 1;
			};
			name = Release;
		};
		5F87B1242128631800402A24 /* Debug */ = {
			isa = XCBuildConfiguration;
			baseConfigurationReference = 5345364F1BE3B658B2544039 /* Pods-PicPaperTests.debug.xcconfig */;
			buildSettings = {
				ALWAYS_EMBED_SWIFT_STANDARD_LIBRARIES = YES;
				BUNDLE_LOADER = "$(TEST_HOST)";
				CODE_SIGN_STYLE = Automatic;
				INFOPLIST_FILE = PicPaperTests/Info.plist;
				LD_RUNPATH_SEARCH_PATHS = (
					"$(inherited)",
					"@executable_path/Frameworks",
					"@loader_path/Frameworks",
				);
				PRODUCT_BUNDLE_IDENTIFIER = com.DevByArlindo.PicPaperTests;
				PRODUCT_NAME = "$(TARGET_NAME)";
				SWIFT_VERSION = 4.0;
				TARGETED_DEVICE_FAMILY = "1,2";
				TEST_HOST = "$(BUILT_PRODUCTS_DIR)/PicPaper.app/PicPaper";
			};
			name = Debug;
		};
		5F87B1252128631800402A24 /* Release */ = {
			isa = XCBuildConfiguration;
			baseConfigurationReference = 9E68F77951CA12651199F75D /* Pods-PicPaperTests.release.xcconfig */;
			buildSettings = {
				ALWAYS_EMBED_SWIFT_STANDARD_LIBRARIES = YES;
				BUNDLE_LOADER = "$(TEST_HOST)";
				CODE_SIGN_STYLE = Automatic;
				INFOPLIST_FILE = PicPaperTests/Info.plist;
				LD_RUNPATH_SEARCH_PATHS = (
					"$(inherited)",
					"@executable_path/Frameworks",
					"@loader_path/Frameworks",
				);
				PRODUCT_BUNDLE_IDENTIFIER = com.DevByArlindo.PicPaperTests;
				PRODUCT_NAME = "$(TARGET_NAME)";
				SWIFT_VERSION = 4.0;
				TARGETED_DEVICE_FAMILY = "1,2";
				TEST_HOST = "$(BUILT_PRODUCTS_DIR)/PicPaper.app/PicPaper";
			};
			name = Release;
		};
/* End XCBuildConfiguration section */

/* Begin XCConfigurationList section */
		5F87B0FE2128631600402A24 /* Build configuration list for PBXProject "PicPaper" */ = {
			isa = XCConfigurationList;
			buildConfigurations = (
				5F87B11E2128631800402A24 /* Debug */,
				5F87B11F2128631800402A24 /* Release */,
			);
			defaultConfigurationIsVisible = 0;
			defaultConfigurationName = Release;
		};
		5F87B1202128631800402A24 /* Build configuration list for PBXNativeTarget "PicPaper" */ = {
			isa = XCConfigurationList;
			buildConfigurations = (
				5F87B1212128631800402A24 /* Debug */,
				5F87B1222128631800402A24 /* Release */,
			);
			defaultConfigurationIsVisible = 0;
			defaultConfigurationName = Release;
		};
		5F87B1232128631800402A24 /* Build configuration list for PBXNativeTarget "PicPaperTests" */ = {
			isa = XCConfigurationList;
			buildConfigurations = (
				5F87B1242128631800402A24 /* Debug */,
				5F87B1252128631800402A24 /* Release */,
			);
			defaultConfigurationIsVisible = 0;
			defaultConfigurationName = Release;
		};
/* End XCConfigurationList section */
	};
	rootObject = 5F87B0FB2128631600402A24 /* Project object */;
}
